// !$*UTF8*$!
{
	archiveVersion = 1;
	classes = {
	};
	objectVersion = 50;
	objects = {

/* Begin PBXBuildFile section */
		9B1661C022444B5A0024B2DB /* contact.png in Resources */ = {isa = PBXBuildFile; fileRef = 9B1661BF22444B5A0024B2DB /* contact.png */; };
		9B1661C222444B610024B2DB /* checkout.png in Resources */ = {isa = PBXBuildFile; fileRef = 9B1661C122444B610024B2DB /* checkout.png */; };
		9B1661C422444B670024B2DB /* aboutus.png in Resources */ = {isa = PBXBuildFile; fileRef = 9B1661C322444B670024B2DB /* aboutus.png */; };
		9B1661C622444B6C0024B2DB /* logout.png in Resources */ = {isa = PBXBuildFile; fileRef = 9B1661C522444B6B0024B2DB /* logout.png */; };
		9B1661C82244509C0024B2DB /* aboutus1.png in Resources */ = {isa = PBXBuildFile; fileRef = 9B1661C72244509C0024B2DB /* aboutus1.png */; };
		9B1661CA224450A10024B2DB /* AG-Red.png in Resources */ = {isa = PBXBuildFile; fileRef = 9B1661C9224450A10024B2DB /* AG-Red.png */; };
		9B1661CC2244586A0024B2DB /* AboutUsViewController.swift in Sources */ = {isa = PBXBuildFile; fileRef = 9B1661CB2244586A0024B2DB /* AboutUsViewController.swift */; };
		9B1661CE2244615E0024B2DB /* ContactViewController.swift in Sources */ = {isa = PBXBuildFile; fileRef = 9B1661CD2244615E0024B2DB /* ContactViewController.swift */; };
		9B1661D02244674B0024B2DB /* fb.png in Resources */ = {isa = PBXBuildFile; fileRef = 9B1661CF2244674B0024B2DB /* fb.png */; };
		9B1661D222446D3C0024B2DB /* email.png in Resources */ = {isa = PBXBuildFile; fileRef = 9B1661D122446D3B0024B2DB /* email.png */; };
		9B1661D4224474330024B2DB /* map.png in Resources */ = {isa = PBXBuildFile; fileRef = 9B1661D3224474330024B2DB /* map.png */; };
		9B1661D6224474D30024B2DB /* eMailViewController.swift in Sources */ = {isa = PBXBuildFile; fileRef = 9B1661D5224474D30024B2DB /* eMailViewController.swift */; };
		EA9D94C22245DDEE0081677D /* shopcart.png in Resources */ = {isa = PBXBuildFile; fileRef = EA9D94C12245DDED0081677D /* shopcart.png */; };
		EA9D94C42245E66F0081677D /* CheckOutViewController.swift in Sources */ = {isa = PBXBuildFile; fileRef = EA9D94C32245E66F0081677D /* CheckOutViewController.swift */; };
		EA9D94C62245EB5C0081677D /* CheckOutTableViewCell.swift in Sources */ = {isa = PBXBuildFile; fileRef = EA9D94C52245EB5C0081677D /* CheckOutTableViewCell.swift */; };
		EA9D94C8224607960081677D /* PlaceOrderViewController.swift in Sources */ = {isa = PBXBuildFile; fileRef = EA9D94C7224607960081677D /* PlaceOrderViewController.swift */; };
		EA9D94CA22460AD60081677D /* PlaceOrderTableViewCell.swift in Sources */ = {isa = PBXBuildFile; fileRef = EA9D94C922460AD60081677D /* PlaceOrderTableViewCell.swift */; };
		EABD6CB52243F4E200D35D83 /* AppDelegate.swift in Sources */ = {isa = PBXBuildFile; fileRef = EABD6CB42243F4E200D35D83 /* AppDelegate.swift */; };
		EABD6CB72243F4E200D35D83 /* LoginViewController.swift in Sources */ = {isa = PBXBuildFile; fileRef = EABD6CB62243F4E200D35D83 /* LoginViewController.swift */; };
		EABD6CBA2243F4E200D35D83 /* Main.storyboard in Resources */ = {isa = PBXBuildFile; fileRef = EABD6CB82243F4E200D35D83 /* Main.storyboard */; };
		EABD6CBC2243F4E300D35D83 /* Assets.xcassets in Resources */ = {isa = PBXBuildFile; fileRef = EABD6CBB2243F4E300D35D83 /* Assets.xcassets */; };
		EABD6CBF2243F4E300D35D83 /* LaunchScreen.storyboard in Resources */ = {isa = PBXBuildFile; fileRef = EABD6CBD2243F4E300D35D83 /* LaunchScreen.storyboard */; };
		EABD6CCA2243F4E300D35D83 /* W2019_iOSProjectTests.swift in Sources */ = {isa = PBXBuildFile; fileRef = EABD6CC92243F4E300D35D83 /* W2019_iOSProjectTests.swift */; };
		EABD6CD52243F4E300D35D83 /* W2019_iOSProjectUITests.swift in Sources */ = {isa = PBXBuildFile; fileRef = EABD6CD42243F4E300D35D83 /* W2019_iOSProjectUITests.swift */; };
		EABD6CE32243F94600D35D83 /* MenuTableViewController.swift in Sources */ = {isa = PBXBuildFile; fileRef = EABD6CE22243F94600D35D83 /* MenuTableViewController.swift */; };
		EABD6CE62243FEC400D35D83 /* images.png in Resources */ = {isa = PBXBuildFile; fileRef = EABD6CE52243FEC400D35D83 /* images.png */; };
		EABD6CE822440E8500D35D83 /* HomeViewController.swift in Sources */ = {isa = PBXBuildFile; fileRef = EABD6CE722440E8500D35D83 /* HomeViewController.swift */; };
		EABD6CEB2244190500D35D83 /* Customer.swift in Sources */ = {isa = PBXBuildFile; fileRef = EABD6CEA2244190500D35D83 /* Customer.swift */; };
		EABD6CED2244192300D35D83 /* ShoppingCar.swift in Sources */ = {isa = PBXBuildFile; fileRef = EABD6CEC2244192300D35D83 /* ShoppingCar.swift */; };
		EABD6CEF2244193B00D35D83 /* Product.swift in Sources */ = {isa = PBXBuildFile; fileRef = EABD6CEE2244193B00D35D83 /* Product.swift */; };
		EABD6CF12244195700D35D83 /* Order.swift in Sources */ = {isa = PBXBuildFile; fileRef = EABD6CF02244195700D35D83 /* Order.swift */; };
		EABD6CF32244197000D35D83 /* ShippingInfo.swift in Sources */ = {isa = PBXBuildFile; fileRef = EABD6CF22244197000D35D83 /* ShippingInfo.swift */; };
		EABD6CF52244198A00D35D83 /* OrderDetails.swift in Sources */ = {isa = PBXBuildFile; fileRef = EABD6CF42244198A00D35D83 /* OrderDetails.swift */; };
		EABD6CF722443BFC00D35D83 /* User.swift in Sources */ = {isa = PBXBuildFile; fileRef = EABD6CF622443BFC00D35D83 /* User.swift */; };
		EABD6CF922443C4900D35D83 /* Protocols.swift in Sources */ = {isa = PBXBuildFile; fileRef = EABD6CF822443C4900D35D83 /* Protocols.swift */; };
		EABD6CFB22443CDF00D35D83 /* Extensions.swift in Sources */ = {isa = PBXBuildFile; fileRef = EABD6CFA22443CDE00D35D83 /* Extensions.swift */; };
		EABD6D232245525100D35D83 /* gunsr.jpg in Resources */ = {isa = PBXBuildFile; fileRef = EABD6D1E2245525000D35D83 /* gunsr.jpg */; };
		EABD6D242245525100D35D83 /* rods.jpeg in Resources */ = {isa = PBXBuildFile; fileRef = EABD6D1F2245525000D35D83 /* rods.jpeg */; };
		EABD6D252245525100D35D83 /* muse.jpg in Resources */ = {isa = PBXBuildFile; fileRef = EABD6D202245525000D35D83 /* muse.jpg */; };
		EABD6D262245525100D35D83 /* ledz.jpg in Resources */ = {isa = PBXBuildFile; fileRef = EABD6D212245525000D35D83 /* ledz.jpg */; };
		EABD6D272245525100D35D83 /* mm.jpg in Resources */ = {isa = PBXBuildFile; fileRef = EABD6D222245525100D35D83 /* mm.jpg */; };
		EABD6D29224562D200D35D83 /* ProductsViewController.swift in Sources */ = {isa = PBXBuildFile; fileRef = EABD6D28224562D200D35D83 /* ProductsViewController.swift */; };
		EABD6D2B224566A100D35D83 /* ProductTableViewCell.swift in Sources */ = {isa = PBXBuildFile; fileRef = EABD6D2A224566A100D35D83 /* ProductTableViewCell.swift */; };
		EABD6D2E22456A6200D35D83 /* disk2.jpeg in Resources */ = {isa = PBXBuildFile; fileRef = EABD6D2C22456A6100D35D83 /* disk2.jpeg */; };
		EABD6D2F22456A6200D35D83 /* disk.jpg in Resources */ = {isa = PBXBuildFile; fileRef = EABD6D2D22456A6200D35D83 /* disk.jpg */; };
		EABD6D352245BD9100D35D83 /* ProductDetailsViewController.swift in Sources */ = {isa = PBXBuildFile; fileRef = EABD6D342245BD9100D35D83 /* ProductDetailsViewController.swift */; };
		EABD6D3B2245CE3D00D35D83 /* 01.m4a in Resources */ = {isa = PBXBuildFile; fileRef = EABD6D392245CE3C00D35D83 /* 01.m4a */; };
		EABD6D3C2245CE3D00D35D83 /* 08 Bit By Bit.m4a in Resources */ = {isa = PBXBuildFile; fileRef = EABD6D3A2245CE3C00D35D83 /* 08 Bit By Bit.m4a */; };
/* End PBXBuildFile section */

/* Begin PBXContainerItemProxy section */
		EABD6CC62243F4E300D35D83 /* PBXContainerItemProxy */ = {
			isa = PBXContainerItemProxy;
			containerPortal = EABD6CA92243F4E200D35D83 /* Project object */;
			proxyType = 1;
			remoteGlobalIDString = EABD6CB02243F4E200D35D83;
			remoteInfo = W2019_iOSProject;
		};
		EABD6CD12243F4E300D35D83 /* PBXContainerItemProxy */ = {
			isa = PBXContainerItemProxy;
			containerPortal = EABD6CA92243F4E200D35D83 /* Project object */;
			proxyType = 1;
			remoteGlobalIDString = EABD6CB02243F4E200D35D83;
			remoteInfo = W2019_iOSProject;
		};
/* End PBXContainerItemProxy section */

/* Begin PBXFileReference section */
		9B1661BF22444B5A0024B2DB /* contact.png */ = {isa = PBXFileReference; lastKnownFileType = image.png; path = contact.png; sourceTree = "<group>"; };
		9B1661C122444B610024B2DB /* checkout.png */ = {isa = PBXFileReference; lastKnownFileType = image.png; path = checkout.png; sourceTree = "<group>"; };
		9B1661C322444B670024B2DB /* aboutus.png */ = {isa = PBXFileReference; lastKnownFileType = image.png; path = aboutus.png; sourceTree = "<group>"; };
		9B1661C522444B6B0024B2DB /* logout.png */ = {isa = PBXFileReference; lastKnownFileType = image.png; path = logout.png; sourceTree = "<group>"; };
		9B1661C72244509C0024B2DB /* aboutus1.png */ = {isa = PBXFileReference; lastKnownFileType = image.png; path = aboutus1.png; sourceTree = "<group>"; };
		9B1661C9224450A10024B2DB /* AG-Red.png */ = {isa = PBXFileReference; lastKnownFileType = image.png; path = "AG-Red.png"; sourceTree = "<group>"; };
		9B1661CB2244586A0024B2DB /* AboutUsViewController.swift */ = {isa = PBXFileReference; lastKnownFileType = sourcecode.swift; path = AboutUsViewController.swift; sourceTree = "<group>"; };
		9B1661CD2244615E0024B2DB /* ContactViewController.swift */ = {isa = PBXFileReference; lastKnownFileType = sourcecode.swift; path = ContactViewController.swift; sourceTree = "<group>"; };
		9B1661CF2244674B0024B2DB /* fb.png */ = {isa = PBXFileReference; lastKnownFileType = image.png; path = fb.png; sourceTree = "<group>"; };
		9B1661D122446D3B0024B2DB /* email.png */ = {isa = PBXFileReference; lastKnownFileType = image.png; path = email.png; sourceTree = "<group>"; };
		9B1661D3224474330024B2DB /* map.png */ = {isa = PBXFileReference; lastKnownFileType = image.png; path = map.png; sourceTree = "<group>"; };
		9B1661D5224474D30024B2DB /* eMailViewController.swift */ = {isa = PBXFileReference; lastKnownFileType = sourcecode.swift; path = eMailViewController.swift; sourceTree = "<group>"; };
		EA9D94C12245DDED0081677D /* shopcart.png */ = {isa = PBXFileReference; lastKnownFileType = image.png; path = shopcart.png; sourceTree = "<group>"; };
		EA9D94C32245E66F0081677D /* CheckOutViewController.swift */ = {isa = PBXFileReference; lastKnownFileType = sourcecode.swift; path = CheckOutViewController.swift; sourceTree = "<group>"; };
		EA9D94C52245EB5C0081677D /* CheckOutTableViewCell.swift */ = {isa = PBXFileReference; lastKnownFileType = sourcecode.swift; path = CheckOutTableViewCell.swift; sourceTree = "<group>"; };
		EA9D94C7224607960081677D /* PlaceOrderViewController.swift */ = {isa = PBXFileReference; lastKnownFileType = sourcecode.swift; path = PlaceOrderViewController.swift; sourceTree = "<group>"; };
		EA9D94C922460AD60081677D /* PlaceOrderTableViewCell.swift */ = {isa = PBXFileReference; lastKnownFileType = sourcecode.swift; path = PlaceOrderTableViewCell.swift; sourceTree = "<group>"; };
		EABD6CB12243F4E200D35D83 /* W2019_iOSProject.app */ = {isa = PBXFileReference; explicitFileType = wrapper.application; includeInIndex = 0; path = W2019_iOSProject.app; sourceTree = BUILT_PRODUCTS_DIR; };
		EABD6CB42243F4E200D35D83 /* AppDelegate.swift */ = {isa = PBXFileReference; lastKnownFileType = sourcecode.swift; path = AppDelegate.swift; sourceTree = "<group>"; };
		EABD6CB62243F4E200D35D83 /* LoginViewController.swift */ = {isa = PBXFileReference; lastKnownFileType = sourcecode.swift; path = LoginViewController.swift; sourceTree = "<group>"; };
		EABD6CB92243F4E200D35D83 /* Base */ = {isa = PBXFileReference; lastKnownFileType = file.storyboard; name = Base; path = Base.lproj/Main.storyboard; sourceTree = "<group>"; };
		EABD6CBB2243F4E300D35D83 /* Assets.xcassets */ = {isa = PBXFileReference; lastKnownFileType = folder.assetcatalog; path = Assets.xcassets; sourceTree = "<group>"; };
		EABD6CBE2243F4E300D35D83 /* Base */ = {isa = PBXFileReference; lastKnownFileType = file.storyboard; name = Base; path = Base.lproj/LaunchScreen.storyboard; sourceTree = "<group>"; };
		EABD6CC02243F4E300D35D83 /* Info.plist */ = {isa = PBXFileReference; lastKnownFileType = text.plist.xml; path = Info.plist; sourceTree = "<group>"; };
		EABD6CC52243F4E300D35D83 /* W2019_iOSProjectTests.xctest */ = {isa = PBXFileReference; explicitFileType = wrapper.cfbundle; includeInIndex = 0; path = W2019_iOSProjectTests.xctest; sourceTree = BUILT_PRODUCTS_DIR; };
		EABD6CC92243F4E300D35D83 /* W2019_iOSProjectTests.swift */ = {isa = PBXFileReference; lastKnownFileType = sourcecode.swift; path = W2019_iOSProjectTests.swift; sourceTree = "<group>"; };
		EABD6CCB2243F4E300D35D83 /* Info.plist */ = {isa = PBXFileReference; lastKnownFileType = text.plist.xml; path = Info.plist; sourceTree = "<group>"; };
		EABD6CD02243F4E300D35D83 /* W2019_iOSProjectUITests.xctest */ = {isa = PBXFileReference; explicitFileType = wrapper.cfbundle; includeInIndex = 0; path = W2019_iOSProjectUITests.xctest; sourceTree = BUILT_PRODUCTS_DIR; };
		EABD6CD42243F4E300D35D83 /* W2019_iOSProjectUITests.swift */ = {isa = PBXFileReference; lastKnownFileType = sourcecode.swift; path = W2019_iOSProjectUITests.swift; sourceTree = "<group>"; };
		EABD6CD62243F4E300D35D83 /* Info.plist */ = {isa = PBXFileReference; lastKnownFileType = text.plist.xml; path = Info.plist; sourceTree = "<group>"; };
		EABD6CE22243F94600D35D83 /* MenuTableViewController.swift */ = {isa = PBXFileReference; lastKnownFileType = sourcecode.swift; path = MenuTableViewController.swift; sourceTree = "<group>"; };
		EABD6CE52243FEC400D35D83 /* images.png */ = {isa = PBXFileReference; lastKnownFileType = image.png; path = images.png; sourceTree = "<group>"; };
		EABD6CE722440E8500D35D83 /* HomeViewController.swift */ = {isa = PBXFileReference; lastKnownFileType = sourcecode.swift; path = HomeViewController.swift; sourceTree = "<group>"; };
		EABD6CEA2244190500D35D83 /* Customer.swift */ = {isa = PBXFileReference; lastKnownFileType = sourcecode.swift; path = Customer.swift; sourceTree = "<group>"; };
		EABD6CEC2244192300D35D83 /* ShoppingCar.swift */ = {isa = PBXFileReference; lastKnownFileType = sourcecode.swift; path = ShoppingCar.swift; sourceTree = "<group>"; };
		EABD6CEE2244193B00D35D83 /* Product.swift */ = {isa = PBXFileReference; lastKnownFileType = sourcecode.swift; path = Product.swift; sourceTree = "<group>"; };
		EABD6CF02244195700D35D83 /* Order.swift */ = {isa = PBXFileReference; lastKnownFileType = sourcecode.swift; path = Order.swift; sourceTree = "<group>"; };
		EABD6CF22244197000D35D83 /* ShippingInfo.swift */ = {isa = PBXFileReference; lastKnownFileType = sourcecode.swift; path = ShippingInfo.swift; sourceTree = "<group>"; };
		EABD6CF42244198A00D35D83 /* OrderDetails.swift */ = {isa = PBXFileReference; lastKnownFileType = sourcecode.swift; path = OrderDetails.swift; sourceTree = "<group>"; };
		EABD6CF622443BFC00D35D83 /* User.swift */ = {isa = PBXFileReference; lastKnownFileType = sourcecode.swift; path = User.swift; sourceTree = "<group>"; };
		EABD6CF822443C4900D35D83 /* Protocols.swift */ = {isa = PBXFileReference; lastKnownFileType = sourcecode.swift; path = Protocols.swift; sourceTree = "<group>"; };
		EABD6CFA22443CDE00D35D83 /* Extensions.swift */ = {isa = PBXFileReference; lastKnownFileType = sourcecode.swift; path = Extensions.swift; sourceTree = "<group>"; };
		EABD6D1E2245525000D35D83 /* gunsr.jpg */ = {isa = PBXFileReference; lastKnownFileType = image.jpeg; path = gunsr.jpg; sourceTree = "<group>"; };
		EABD6D1F2245525000D35D83 /* rods.jpeg */ = {isa = PBXFileReference; lastKnownFileType = image.jpeg; path = rods.jpeg; sourceTree = "<group>"; };
		EABD6D202245525000D35D83 /* muse.jpg */ = {isa = PBXFileReference; lastKnownFileType = image.jpeg; path = muse.jpg; sourceTree = "<group>"; };
		EABD6D212245525000D35D83 /* ledz.jpg */ = {isa = PBXFileReference; lastKnownFileType = image.jpeg; path = ledz.jpg; sourceTree = "<group>"; };
		EABD6D222245525100D35D83 /* mm.jpg */ = {isa = PBXFileReference; lastKnownFileType = image.jpeg; path = mm.jpg; sourceTree = "<group>"; };
		EABD6D28224562D200D35D83 /* ProductsViewController.swift */ = {isa = PBXFileReference; lastKnownFileType = sourcecode.swift; path = ProductsViewController.swift; sourceTree = "<group>"; };
		EABD6D2A224566A100D35D83 /* ProductTableViewCell.swift */ = {isa = PBXFileReference; lastKnownFileType = sourcecode.swift; path = ProductTableViewCell.swift; sourceTree = "<group>"; };
		EABD6D2C22456A6100D35D83 /* disk2.jpeg */ = {isa = PBXFileReference; lastKnownFileType = image.jpeg; path = disk2.jpeg; sourceTree = "<group>"; };
		EABD6D2D22456A6200D35D83 /* disk.jpg */ = {isa = PBXFileReference; lastKnownFileType = image.jpeg; path = disk.jpg; sourceTree = "<group>"; };
		EABD6D342245BD9100D35D83 /* ProductDetailsViewController.swift */ = {isa = PBXFileReference; lastKnownFileType = sourcecode.swift; path = ProductDetailsViewController.swift; sourceTree = "<group>"; };
		EABD6D392245CE3C00D35D83 /* 01.m4a */ = {isa = PBXFileReference; lastKnownFileType = file; path = 01.m4a; sourceTree = SOURCE_ROOT; };
		EABD6D3A2245CE3C00D35D83 /* 08 Bit By Bit.m4a */ = {isa = PBXFileReference; lastKnownFileType = file; path = "08 Bit By Bit.m4a"; sourceTree = SOURCE_ROOT; };
/* End PBXFileReference section */

/* Begin PBXFrameworksBuildPhase section */
		EABD6CAE2243F4E200D35D83 /* Frameworks */ = {
			isa = PBXFrameworksBuildPhase;
			buildActionMask = 2147483647;
			files = (
			);
			runOnlyForDeploymentPostprocessing = 0;
		};
		EABD6CC22243F4E300D35D83 /* Frameworks */ = {
			isa = PBXFrameworksBuildPhase;
			buildActionMask = 2147483647;
			files = (
			);
			runOnlyForDeploymentPostprocessing = 0;
		};
		EABD6CCD2243F4E300D35D83 /* Frameworks */ = {
			isa = PBXFrameworksBuildPhase;
			buildActionMask = 2147483647;
			files = (
			);
			runOnlyForDeploymentPostprocessing = 0;
		};
/* End PBXFrameworksBuildPhase section */

/* Begin PBXGroup section */
		EABD6CA82243F4E200D35D83 = {
			isa = PBXGroup;
			children = (
				EABD6CB32243F4E200D35D83 /* W2019_iOSProject */,
				EABD6CC82243F4E300D35D83 /* W2019_iOSProjectTests */,
				EABD6CD32243F4E300D35D83 /* W2019_iOSProjectUITests */,
				EABD6CB22243F4E200D35D83 /* Products */,
			);
			sourceTree = "<group>";
		};
		EABD6CB22243F4E200D35D83 /* Products */ = {
			isa = PBXGroup;
			children = (
				EABD6CB12243F4E200D35D83 /* W2019_iOSProject.app */,
				EABD6CC52243F4E300D35D83 /* W2019_iOSProjectTests.xctest */,
				EABD6CD02243F4E300D35D83 /* W2019_iOSProjectUITests.xctest */,
			);
			name = Products;
			sourceTree = "<group>";
		};
		EABD6CB32243F4E200D35D83 /* W2019_iOSProject */ = {
			isa = PBXGroup;
			children = (
				EABD6D362245CAB700D35D83 /* mp3 */,
				EABD6CE9224418A200D35D83 /* Models */,
				EABD6CE42243FEB100D35D83 /* Images */,
				EABD6CB82243F4E200D35D83 /* Main.storyboard */,
				EABD6CBD2243F4E300D35D83 /* LaunchScreen.storyboard */,
				EABD6CB42243F4E200D35D83 /* AppDelegate.swift */,
				EABD6CBB2243F4E300D35D83 /* Assets.xcassets */,
				EABD6CC02243F4E300D35D83 /* Info.plist */,
				EABD6CB62243F4E200D35D83 /* LoginViewController.swift */,
				EABD6CE22243F94600D35D83 /* MenuTableViewController.swift */,
				EABD6CE722440E8500D35D83 /* HomeViewController.swift */,
				EABD6D28224562D200D35D83 /* ProductsViewController.swift */,
				EABD6D2A224566A100D35D83 /* ProductTableViewCell.swift */,
				EABD6D342245BD9100D35D83 /* ProductDetailsViewController.swift */,
				EA9D94C32245E66F0081677D /* CheckOutViewController.swift */,
				EA9D94C52245EB5C0081677D /* CheckOutTableViewCell.swift */,
				EA9D94C7224607960081677D /* PlaceOrderViewController.swift */,
				EA9D94C922460AD60081677D /* PlaceOrderTableViewCell.swift */,
				9B1661CB2244586A0024B2DB /* AboutUsViewController.swift */,
				9B1661CD2244615E0024B2DB /* ContactViewController.swift */,
				9B1661D5224474D30024B2DB /* eMailViewController.swift */,
			);
			path = W2019_iOSProject;
			sourceTree = "<group>";
		};
		EABD6CC82243F4E300D35D83 /* W2019_iOSProjectTests */ = {
			isa = PBXGroup;
			children = (
				EABD6CC92243F4E300D35D83 /* W2019_iOSProjectTests.swift */,
				EABD6CCB2243F4E300D35D83 /* Info.plist */,
			);
			path = W2019_iOSProjectTests;
			sourceTree = "<group>";
		};
		EABD6CD32243F4E300D35D83 /* W2019_iOSProjectUITests */ = {
			isa = PBXGroup;
			children = (
				EABD6CD42243F4E300D35D83 /* W2019_iOSProjectUITests.swift */,
				EABD6CD62243F4E300D35D83 /* Info.plist */,
			);
			path = W2019_iOSProjectUITests;
			sourceTree = "<group>";
		};
		EABD6CE42243FEB100D35D83 /* Images */ = {
			isa = PBXGroup;
			children = (
				EABD6D2D22456A6200D35D83 /* disk.jpg */,
				EABD6D2C22456A6100D35D83 /* disk2.jpeg */,
				EABD6D1E2245525000D35D83 /* gunsr.jpg */,
				EABD6D212245525000D35D83 /* ledz.jpg */,
				EABD6D222245525100D35D83 /* mm.jpg */,
				EABD6D202245525000D35D83 /* muse.jpg */,
				EABD6D1F2245525000D35D83 /* rods.jpeg */,
				EABD6CE52243FEC400D35D83 /* images.png */,
				9B1661D122446D3B0024B2DB /* email.png */,
				9B1661D3224474330024B2DB /* map.png */,
				9B1661BF22444B5A0024B2DB /* contact.png */,
				9B1661C72244509C0024B2DB /* aboutus1.png */,
				9B1661CF2244674B0024B2DB /* fb.png */,
				9B1661C122444B610024B2DB /* checkout.png */,
				9B1661C9224450A10024B2DB /* AG-Red.png */,
				9B1661C522444B6B0024B2DB /* logout.png */,
				9B1661C322444B670024B2DB /* aboutus.png */,
				EA9D94C12245DDED0081677D /* shopcart.png */,
			);
			path = Images;
			sourceTree = "<group>";
		};
		EABD6CE9224418A200D35D83 /* Models */ = {
			isa = PBXGroup;
			children = (
				EABD6CEA2244190500D35D83 /* Customer.swift */,
				EABD6CEE2244193B00D35D83 /* Product.swift */,
				EABD6CF42244198A00D35D83 /* OrderDetails.swift */,
				EABD6CF02244195700D35D83 /* Order.swift */,
				EABD6CF22244197000D35D83 /* ShippingInfo.swift */,
				EABD6CEC2244192300D35D83 /* ShoppingCar.swift */,
				EABD6CF622443BFC00D35D83 /* User.swift */,
				EABD6CF822443C4900D35D83 /* Protocols.swift */,
				EABD6CFA22443CDE00D35D83 /* Extensions.swift */,
			);
			path = Models;
			sourceTree = "<group>";
		};
		EABD6D362245CAB700D35D83 /* mp3 */ = {
			isa = PBXGroup;
			children = (
				EABD6D392245CE3C00D35D83 /* 01.m4a */,
				EABD6D3A2245CE3C00D35D83 /* 08 Bit By Bit.m4a */,
			);
			path = mp3;
			sourceTree = "<group>";
		};
/* End PBXGroup section */

/* Begin PBXNativeTarget section */
		EABD6CB02243F4E200D35D83 /* W2019_iOSProject */ = {
			isa = PBXNativeTarget;
			buildConfigurationList = EABD6CD92243F4E300D35D83 /* Build configuration list for PBXNativeTarget "W2019_iOSProject" */;
			buildPhases = (
				EABD6CAD2243F4E200D35D83 /* Sources */,
				EABD6CAE2243F4E200D35D83 /* Frameworks */,
				EABD6CAF2243F4E200D35D83 /* Resources */,
			);
			buildRules = (
			);
			dependencies = (
			);
			name = W2019_iOSProject;
			productName = W2019_iOSProject;
			productReference = EABD6CB12243F4E200D35D83 /* W2019_iOSProject.app */;
			productType = "com.apple.product-type.application";
		};
		EABD6CC42243F4E300D35D83 /* W2019_iOSProjectTests */ = {
			isa = PBXNativeTarget;
			buildConfigurationList = EABD6CDC2243F4E300D35D83 /* Build configuration list for PBXNativeTarget "W2019_iOSProjectTests" */;
			buildPhases = (
				EABD6CC12243F4E300D35D83 /* Sources */,
				EABD6CC22243F4E300D35D83 /* Frameworks */,
				EABD6CC32243F4E300D35D83 /* Resources */,
			);
			buildRules = (
			);
			dependencies = (
				EABD6CC72243F4E300D35D83 /* PBXTargetDependency */,
			);
			name = W2019_iOSProjectTests;
			productName = W2019_iOSProjectTests;
			productReference = EABD6CC52243F4E300D35D83 /* W2019_iOSProjectTests.xctest */;
			productType = "com.apple.product-type.bundle.unit-test";
		};
		EABD6CCF2243F4E300D35D83 /* W2019_iOSProjectUITests */ = {
			isa = PBXNativeTarget;
			buildConfigurationList = EABD6CDF2243F4E300D35D83 /* Build configuration list for PBXNativeTarget "W2019_iOSProjectUITests" */;
			buildPhases = (
				EABD6CCC2243F4E300D35D83 /* Sources */,
				EABD6CCD2243F4E300D35D83 /* Frameworks */,
				EABD6CCE2243F4E300D35D83 /* Resources */,
			);
			buildRules = (
			);
			dependencies = (
				EABD6CD22243F4E300D35D83 /* PBXTargetDependency */,
			);
			name = W2019_iOSProjectUITests;
			productName = W2019_iOSProjectUITests;
			productReference = EABD6CD02243F4E300D35D83 /* W2019_iOSProjectUITests.xctest */;
			productType = "com.apple.product-type.bundle.ui-testing";
		};
/* End PBXNativeTarget section */

/* Begin PBXProject section */
		EABD6CA92243F4E200D35D83 /* Project object */ = {
			isa = PBXProject;
			attributes = {
				LastSwiftUpdateCheck = 1010;
				LastUpgradeCheck = 1010;
				ORGANIZATIONNAME = "Art Fred Glez";
				TargetAttributes = {
					EABD6CB02243F4E200D35D83 = {
						CreatedOnToolsVersion = 10.1;
					};
					EABD6CC42243F4E300D35D83 = {
						CreatedOnToolsVersion = 10.1;
						TestTargetID = EABD6CB02243F4E200D35D83;
					};
					EABD6CCF2243F4E300D35D83 = {
						CreatedOnToolsVersion = 10.1;
						TestTargetID = EABD6CB02243F4E200D35D83;
					};
				};
			};
			buildConfigurationList = EABD6CAC2243F4E200D35D83 /* Build configuration list for PBXProject "W2019_iOSProject" */;
			compatibilityVersion = "Xcode 9.3";
			developmentRegion = en;
			hasScannedForEncodings = 0;
			knownRegions = (
				en,
				Base,
			);
			mainGroup = EABD6CA82243F4E200D35D83;
			productRefGroup = EABD6CB22243F4E200D35D83 /* Products */;
			projectDirPath = "";
			projectRoot = "";
			targets = (
				EABD6CB02243F4E200D35D83 /* W2019_iOSProject */,
				EABD6CC42243F4E300D35D83 /* W2019_iOSProjectTests */,
				EABD6CCF2243F4E300D35D83 /* W2019_iOSProjectUITests */,
			);
		};
/* End PBXProject section */

/* Begin PBXResourcesBuildPhase section */
		EABD6CAF2243F4E200D35D83 /* Resources */ = {
			isa = PBXResourcesBuildPhase;
			buildActionMask = 2147483647;
			files = (
				EABD6CBF2243F4E300D35D83 /* LaunchScreen.storyboard in Resources */,
				EABD6D252245525100D35D83 /* muse.jpg in Resources */,
				9B1661C022444B5A0024B2DB /* contact.png in Resources */,
				EABD6D272245525100D35D83 /* mm.jpg in Resources */,
				EABD6D262245525100D35D83 /* ledz.jpg in Resources */,
				9B1661D4224474330024B2DB /* map.png in Resources */,
				EABD6D2F22456A6200D35D83 /* disk.jpg in Resources */,
				EABD6D232245525100D35D83 /* gunsr.jpg in Resources */,
				EABD6D3C2245CE3D00D35D83 /* 08 Bit By Bit.m4a in Resources */,
				EABD6CBC2243F4E300D35D83 /* Assets.xcassets in Resources */,
				EABD6D2E22456A6200D35D83 /* disk2.jpeg in Resources */,
				EABD6CBA2243F4E200D35D83 /* Main.storyboard in Resources */,
				EABD6D242245525100D35D83 /* rods.jpeg in Resources */,
				9B1661C422444B670024B2DB /* aboutus.png in Resources */,
				EABD6CE62243FEC400D35D83 /* images.png in Resources */,
				9B1661C82244509C0024B2DB /* aboutus1.png in Resources */,
				9B1661CA224450A10024B2DB /* AG-Red.png in Resources */,
				9B1661D222446D3C0024B2DB /* email.png in Resources */,
				9B1661C222444B610024B2DB /* checkout.png in Resources */,
				EA9D94C22245DDEE0081677D /* shopcart.png in Resources */,
				9B1661D02244674B0024B2DB /* fb.png in Resources */,
				9B1661C622444B6C0024B2DB /* logout.png in Resources */,
				EABD6D3B2245CE3D00D35D83 /* 01.m4a in Resources */,
			);
			runOnlyForDeploymentPostprocessing = 0;
		};
		EABD6CC32243F4E300D35D83 /* Resources */ = {
			isa = PBXResourcesBuildPhase;
			buildActionMask = 2147483647;
			files = (
			);
			runOnlyForDeploymentPostprocessing = 0;
		};
		EABD6CCE2243F4E300D35D83 /* Resources */ = {
			isa = PBXResourcesBuildPhase;
			buildActionMask = 2147483647;
			files = (
			);
			runOnlyForDeploymentPostprocessing = 0;
		};
/* End PBXResourcesBuildPhase section */

/* Begin PBXSourcesBuildPhase section */
		EABD6CAD2243F4E200D35D83 /* Sources */ = {
			isa = PBXSourcesBuildPhase;
			buildActionMask = 2147483647;
			files = (
				EA9D94C62245EB5C0081677D /* CheckOutTableViewCell.swift in Sources */,
				EABD6CB72243F4E200D35D83 /* LoginViewController.swift in Sources */,
				EABD6D29224562D200D35D83 /* ProductsViewController.swift in Sources */,
				EABD6CEB2244190500D35D83 /* Customer.swift in Sources */,
				EABD6CE32243F94600D35D83 /* MenuTableViewController.swift in Sources */,
				EABD6CF922443C4900D35D83 /* Protocols.swift in Sources */,
				EABD6D352245BD9100D35D83 /* ProductDetailsViewController.swift in Sources */,
				9B1661CC2244586A0024B2DB /* AboutUsViewController.swift in Sources */,
				EA9D94CA22460AD60081677D /* PlaceOrderTableViewCell.swift in Sources */,
				EABD6CEF2244193B00D35D83 /* Product.swift in Sources */,
				EABD6CB52243F4E200D35D83 /* AppDelegate.swift in Sources */,
				EABD6CF52244198A00D35D83 /* OrderDetails.swift in Sources */,
				EABD6CED2244192300D35D83 /* ShoppingCar.swift in Sources */,
				EABD6CFB22443CDF00D35D83 /* Extensions.swift in Sources */,
				EABD6D2B224566A100D35D83 /* ProductTableViewCell.swift in Sources */,
				EABD6CF12244195700D35D83 /* Order.swift in Sources */,
				9B1661D6224474D30024B2DB /* eMailViewController.swift in Sources */,
				EABD6CE822440E8500D35D83 /* HomeViewController.swift in Sources */,
				EA9D94C42245E66F0081677D /* CheckOutViewController.swift in Sources */,
				EABD6CF32244197000D35D83 /* ShippingInfo.swift in Sources */,
				EA9D94C8224607960081677D /* PlaceOrderViewController.swift in Sources */,
				EABD6CF722443BFC00D35D83 /* User.swift in Sources */,
				9B1661CE2244615E0024B2DB /* ContactViewController.swift in Sources */,
			);
			runOnlyForDeploymentPostprocessing = 0;
		};
		EABD6CC12243F4E300D35D83 /* Sources */ = {
			isa = PBXSourcesBuildPhase;
			buildActionMask = 2147483647;
			files = (
				EABD6CCA2243F4E300D35D83 /* W2019_iOSProjectTests.swift in Sources */,
			);
			runOnlyForDeploymentPostprocessing = 0;
		};
		EABD6CCC2243F4E300D35D83 /* Sources */ = {
			isa = PBXSourcesBuildPhase;
			buildActionMask = 2147483647;
			files = (
				EABD6CD52243F4E300D35D83 /* W2019_iOSProjectUITests.swift in Sources */,
			);
			runOnlyForDeploymentPostprocessing = 0;
		};
/* End PBXSourcesBuildPhase section */

/* Begin PBXTargetDependency section */
		EABD6CC72243F4E300D35D83 /* PBXTargetDependency */ = {
			isa = PBXTargetDependency;
			target = EABD6CB02243F4E200D35D83 /* W2019_iOSProject */;
			targetProxy = EABD6CC62243F4E300D35D83 /* PBXContainerItemProxy */;
		};
		EABD6CD22243F4E300D35D83 /* PBXTargetDependency */ = {
			isa = PBXTargetDependency;
			target = EABD6CB02243F4E200D35D83 /* W2019_iOSProject */;
			targetProxy = EABD6CD12243F4E300D35D83 /* PBXContainerItemProxy */;
		};
/* End PBXTargetDependency section */

/* Begin PBXVariantGroup section */
		EABD6CB82243F4E200D35D83 /* Main.storyboard */ = {
			isa = PBXVariantGroup;
			children = (
				EABD6CB92243F4E200D35D83 /* Base */,
			);
			name = Main.storyboard;
			sourceTree = "<group>";
		};
		EABD6CBD2243F4E300D35D83 /* LaunchScreen.storyboard */ = {
			isa = PBXVariantGroup;
			children = (
				EABD6CBE2243F4E300D35D83 /* Base */,
			);
			name = LaunchScreen.storyboard;
			sourceTree = "<group>";
		};
/* End PBXVariantGroup section */

/* Begin XCBuildConfiguration section */
		EABD6CD72243F4E300D35D83 /* Debug */ = {
			isa = XCBuildConfiguration;
			buildSettings = {
				ALWAYS_SEARCH_USER_PATHS = NO;
				CLANG_ANALYZER_NONNULL = YES;
				CLANG_ANALYZER_NUMBER_OBJECT_CONVERSION = YES_AGGRESSIVE;
				CLANG_CXX_LANGUAGE_STANDARD = "gnu++14";
				CLANG_CXX_LIBRARY = "libc++";
				CLANG_ENABLE_MODULES = YES;
				CLANG_ENABLE_OBJC_ARC = YES;
				CLANG_ENABLE_OBJC_WEAK = YES;
				CLANG_WARN_BLOCK_CAPTURE_AUTORELEASING = YES;
				CLANG_WARN_BOOL_CONVERSION = YES;
				CLANG_WARN_COMMA = YES;
				CLANG_WARN_CONSTANT_CONVERSION = YES;
				CLANG_WARN_DEPRECATED_OBJC_IMPLEMENTATIONS = YES;
				CLANG_WARN_DIRECT_OBJC_ISA_USAGE = YES_ERROR;
				CLANG_WARN_DOCUMENTATION_COMMENTS = YES;
				CLANG_WARN_EMPTY_BODY = YES;
				CLANG_WARN_ENUM_CONVERSION = YES;
				CLANG_WARN_INFINITE_RECURSION = YES;
				CLANG_WARN_INT_CONVERSION = YES;
				CLANG_WARN_NON_LITERAL_NULL_CONVERSION = YES;
				CLANG_WARN_OBJC_IMPLICIT_RETAIN_SELF = YES;
				CLANG_WARN_OBJC_LITERAL_CONVERSION = YES;
				CLANG_WARN_OBJC_ROOT_CLASS = YES_ERROR;
				CLANG_WARN_RANGE_LOOP_ANALYSIS = YES;
				CLANG_WARN_STRICT_PROTOTYPES = YES;
				CLANG_WARN_SUSPICIOUS_MOVE = YES;
				CLANG_WARN_UNGUARDED_AVAILABILITY = YES_AGGRESSIVE;
				CLANG_WARN_UNREACHABLE_CODE = YES;
				CLANG_WARN__DUPLICATE_METHOD_MATCH = YES;
				CODE_SIGN_IDENTITY = "iPhone Developer";
				COPY_PHASE_STRIP = NO;
				DEBUG_INFORMATION_FORMAT = dwarf;
				ENABLE_STRICT_OBJC_MSGSEND = YES;
				ENABLE_TESTABILITY = YES;
				GCC_C_LANGUAGE_STANDARD = gnu11;
				GCC_DYNAMIC_NO_PIC = NO;
				GCC_NO_COMMON_BLOCKS = YES;
				GCC_OPTIMIZATION_LEVEL = 0;
				GCC_PREPROCESSOR_DEFINITIONS = (
					"DEBUG=1",
					"$(inherited)",
				);
				GCC_WARN_64_TO_32_BIT_CONVERSION = YES;
				GCC_WARN_ABOUT_RETURN_TYPE = YES_ERROR;
				GCC_WARN_UNDECLARED_SELECTOR = YES;
				GCC_WARN_UNINITIALIZED_AUTOS = YES_AGGRESSIVE;
				GCC_WARN_UNUSED_FUNCTION = YES;
				GCC_WARN_UNUSED_VARIABLE = YES;
				IPHONEOS_DEPLOYMENT_TARGET = 12.1;
				MTL_ENABLE_DEBUG_INFO = INCLUDE_SOURCE;
				MTL_FAST_MATH = YES;
				ONLY_ACTIVE_ARCH = YES;
				SDKROOT = iphoneos;
				SWIFT_ACTIVE_COMPILATION_CONDITIONS = DEBUG;
				SWIFT_OPTIMIZATION_LEVEL = "-Onone";
			};
			name = Debug;
		};
		EABD6CD82243F4E300D35D83 /* Release */ = {
			isa = XCBuildConfiguration;
			buildSettings = {
				ALWAYS_SEARCH_USER_PATHS = NO;
				CLANG_ANALYZER_NONNULL = YES;
				CLANG_ANALYZER_NUMBER_OBJECT_CONVERSION = YES_AGGRESSIVE;
				CLANG_CXX_LANGUAGE_STANDARD = "gnu++14";
				CLANG_CXX_LIBRARY = "libc++";
				CLANG_ENABLE_MODULES = YES;
				CLANG_ENABLE_OBJC_ARC = YES;
				CLANG_ENABLE_OBJC_WEAK = YES;
				CLANG_WARN_BLOCK_CAPTURE_AUTORELEASING = YES;
				CLANG_WARN_BOOL_CONVERSION = YES;
				CLANG_WARN_COMMA = YES;
				CLANG_WARN_CONSTANT_CONVERSION = YES;
				CLANG_WARN_DEPRECATED_OBJC_IMPLEMENTATIONS = YES;
				CLANG_WARN_DIRECT_OBJC_ISA_USAGE = YES_ERROR;
				CLANG_WARN_DOCUMENTATION_COMMENTS = YES;
				CLANG_WARN_EMPTY_BODY = YES;
				CLANG_WARN_ENUM_CONVERSION = YES;
				CLANG_WARN_INFINITE_RECURSION = YES;
				CLANG_WARN_INT_CONVERSION = YES;
				CLANG_WARN_NON_LITERAL_NULL_CONVERSION = YES;
				CLANG_WARN_OBJC_IMPLICIT_RETAIN_SELF = YES;
				CLANG_WARN_OBJC_LITERAL_CONVERSION = YES;
				CLANG_WARN_OBJC_ROOT_CLASS = YES_ERROR;
				CLANG_WARN_RANGE_LOOP_ANALYSIS = YES;
				CLANG_WARN_STRICT_PROTOTYPES = YES;
				CLANG_WARN_SUSPICIOUS_MOVE = YES;
				CLANG_WARN_UNGUARDED_AVAILABILITY = YES_AGGRESSIVE;
				CLANG_WARN_UNREACHABLE_CODE = YES;
				CLANG_WARN__DUPLICATE_METHOD_MATCH = YES;
				CODE_SIGN_IDENTITY = "iPhone Developer";
				COPY_PHASE_STRIP = NO;
				DEBUG_INFORMATION_FORMAT = "dwarf-with-dsym";
				ENABLE_NS_ASSERTIONS = NO;
				ENABLE_STRICT_OBJC_MSGSEND = YES;
				GCC_C_LANGUAGE_STANDARD = gnu11;
				GCC_NO_COMMON_BLOCKS = YES;
				GCC_WARN_64_TO_32_BIT_CONVERSION = YES;
				GCC_WARN_ABOUT_RETURN_TYPE = YES_ERROR;
				GCC_WARN_UNDECLARED_SELECTOR = YES;
				GCC_WARN_UNINITIALIZED_AUTOS = YES_AGGRESSIVE;
				GCC_WARN_UNUSED_FUNCTION = YES;
				GCC_WARN_UNUSED_VARIABLE = YES;
				IPHONEOS_DEPLOYMENT_TARGET = 12.1;
				MTL_ENABLE_DEBUG_INFO = NO;
				MTL_FAST_MATH = YES;
				SDKROOT = iphoneos;
				SWIFT_COMPILATION_MODE = wholemodule;
				SWIFT_OPTIMIZATION_LEVEL = "-O";
				VALIDATE_PRODUCT = YES;
			};
			name = Release;
		};
		EABD6CDA2243F4E300D35D83 /* Debug */ = {
			isa = XCBuildConfiguration;
			buildSettings = {
				ASSETCATALOG_COMPILER_APPICON_NAME = AppIcon;
				CODE_SIGN_STYLE = Automatic;
				DEVELOPMENT_TEAM = H529WTXTWM;
				INFOPLIST_FILE = W2019_iOSProject/Info.plist;
				LD_RUNPATH_SEARCH_PATHS = (
					"$(inherited)",
					"@executable_path/Frameworks",
				);
				PRODUCT_BUNDLE_IDENTIFIER = "com.artfredglez.W2019-iOSProject";
				PRODUCT_NAME = "$(TARGET_NAME)";
				SWIFT_VERSION = 4.2;
				TARGETED_DEVICE_FAMILY = "1,2";
			};
			name = Debug;
		};
		EABD6CDB2243F4E300D35D83 /* Release */ = {
			isa = XCBuildConfiguration;
			buildSettings = {
				ASSETCATALOG_COMPILER_APPICON_NAME = AppIcon;
				CODE_SIGN_STYLE = Automatic;
				DEVELOPMENT_TEAM = H529WTXTWM;
				INFOPLIST_FILE = W2019_iOSProject/Info.plist;
				LD_RUNPATH_SEARCH_PATHS = (
					"$(inherited)",
					"@executable_path/Frameworks",
				);
				PRODUCT_BUNDLE_IDENTIFIER = "com.artfredglez.W2019-iOSProject";
				PRODUCT_NAME = "$(TARGET_NAME)";
				SWIFT_VERSION = 4.2;
				TARGETED_DEVICE_FAMILY = "1,2";
			};
			name = Release;
		};
		EABD6CDD2243F4E300D35D83 /* Debug */ = {
			isa = XCBuildConfiguration;
			buildSettings = {
				ALWAYS_EMBED_SWIFT_STANDARD_LIBRARIES = YES;
				BUNDLE_LOADER = "$(TEST_HOST)";
				CODE_SIGN_STYLE = Automatic;
				DEVELOPMENT_TEAM = H529WTXTWM;
				INFOPLIST_FILE = W2019_iOSProjectTests/Info.plist;
				LD_RUNPATH_SEARCH_PATHS = (
					"$(inherited)",
					"@executable_path/Frameworks",
					"@loader_path/Frameworks",
				);
				PRODUCT_BUNDLE_IDENTIFIER = "com.artfredglez.W2019-iOSProjectTests";
				PRODUCT_NAME = "$(TARGET_NAME)";
				SWIFT_VERSION = 4.2;
				TARGETED_DEVICE_FAMILY = "1,2";
				TEST_HOST = "$(BUILT_PRODUCTS_DIR)/W2019_iOSProject.app/W2019_iOSProject";
			};
			name = Debug;
		};
		EABD6CDE2243F4E300D35D83 /* Release */ = {
			isa = XCBuildConfiguration;
			buildSettings = {
				ALWAYS_EMBED_SWIFT_STANDARD_LIBRARIES = YES;
				BUNDLE_LOADER = "$(TEST_HOST)";
				CODE_SIGN_STYLE = Automatic;
				DEVELOPMENT_TEAM = H529WTXTWM;
				INFOPLIST_FILE = W2019_iOSProjectTests/Info.plist;
				LD_RUNPATH_SEARCH_PATHS = (
					"$(inherited)",
					"@executable_path/Frameworks",
					"@loader_path/Frameworks",
				);
				PRODUCT_BUNDLE_IDENTIFIER = "com.artfredglez.W2019-iOSProjectTests";
				PRODUCT_NAME = "$(TARGET_NAME)";
				SWIFT_VERSION = 4.2;
				TARGETED_DEVICE_FAMILY = "1,2";
				TEST_HOST = "$(BUILT_PRODUCTS_DIR)/W2019_iOSProject.app/W2019_iOSProject";
			};
			name = Release;
		};
		EABD6CE02243F4E300D35D83 /* Debug */ = {
			isa = XCBuildConfiguration;
			buildSettings = {
				ALWAYS_EMBED_SWIFT_STANDARD_LIBRARIES = YES;
				CODE_SIGN_STYLE = Automatic;
				DEVELOPMENT_TEAM = H529WTXTWM;
				INFOPLIST_FILE = W2019_iOSProjectUITests/Info.plist;
				LD_RUNPATH_SEARCH_PATHS = (
					"$(inherited)",
					"@executable_path/Frameworks",
					"@loader_path/Frameworks",
				);
				PRODUCT_BUNDLE_IDENTIFIER = "com.artfredglez.W2019-iOSProjectUITests";
				PRODUCT_NAME = "$(TARGET_NAME)";
				SWIFT_VERSION = 4.2;
				TARGETED_DEVICE_FAMILY = "1,2";
				TEST_TARGET_NAME = W2019_iOSProject;
			};
			name = Debug;
		};
		EABD6CE12243F4E300D35D83 /* Release */ = {
			isa = XCBuildConfiguration;
			buildSettings = {
				ALWAYS_EMBED_SWIFT_STANDARD_LIBRARIES = YES;
				CODE_SIGN_STYLE = Automatic;
				DEVELOPMENT_TEAM = H529WTXTWM;
				INFOPLIST_FILE = W2019_iOSProjectUITests/Info.plist;
				LD_RUNPATH_SEARCH_PATHS = (
					"$(inherited)",
					"@executable_path/Frameworks",
					"@loader_path/Frameworks",
				);
				PRODUCT_BUNDLE_IDENTIFIER = "com.artfredglez.W2019-iOSProjectUITests";
				PRODUCT_NAME = "$(TARGET_NAME)";
				SWIFT_VERSION = 4.2;
				TARGETED_DEVICE_FAMILY = "1,2";
				TEST_TARGET_NAME = W2019_iOSProject;
			};
			name = Release;
		};
/* End XCBuildConfiguration section */

/* Begin XCConfigurationList section */
		EABD6CAC2243F4E200D35D83 /* Build configuration list for PBXProject "W2019_iOSProject" */ = {
			isa = XCConfigurationList;
			buildConfigurations = (
				EABD6CD72243F4E300D35D83 /* Debug */,
				EABD6CD82243F4E300D35D83 /* Release */,
			);
			defaultConfigurationIsVisible = 0;
			defaultConfigurationName = Release;
		};
		EABD6CD92243F4E300D35D83 /* Build configuration list for PBXNativeTarget "W2019_iOSProject" */ = {
			isa = XCConfigurationList;
			buildConfigurations = (
				EABD6CDA2243F4E300D35D83 /* Debug */,
				EABD6CDB2243F4E300D35D83 /* Release */,
			);
			defaultConfigurationIsVisible = 0;
			defaultConfigurationName = Release;
		};
		EABD6CDC2243F4E300D35D83 /* Build configuration list for PBXNativeTarget "W2019_iOSProjectTests" */ = {
			isa = XCConfigurationList;
			buildConfigurations = (
				EABD6CDD2243F4E300D35D83 /* Debug */,
				EABD6CDE2243F4E300D35D83 /* Release */,
			);
			defaultConfigurationIsVisible = 0;
			defaultConfigurationName = Release;
		};
		EABD6CDF2243F4E300D35D83 /* Build configuration list for PBXNativeTarget "W2019_iOSProjectUITests" */ = {
			isa = XCConfigurationList;
			buildConfigurations = (
				EABD6CE02243F4E300D35D83 /* Debug */,
				EABD6CE12243F4E300D35D83 /* Release */,
			);
			defaultConfigurationIsVisible = 0;
			defaultConfigurationName = Release;
		};
/* End XCConfigurationList section */
	};
	rootObject = EABD6CA92243F4E200D35D83 /* Project object */;
}
